
Microsoft Visual Studio Solution File, Format Version 12.00
# Visual Studio Version 16
Project("{2150E333-8FDC-42A3-9474-1A3956D46DE8}") = "CMakePredefinedTargets", "CMakePredefinedTargets", "{8CB1D595-C3F8-3750-9668-867ECE543561}"
EndProject
Project("{8BC9CEB8-8B4A-11D0-8D11-00A0C91BC942}") = "ALL_BUILD", "ALL_BUILD.vcxproj", "{8EE1F753-5846-3BAB-8EF9-69D6D93D5055}"
	ProjectSection(ProjectDependencies) = postProject
		{840DE43C-4CB7-3562-B663-91D1D44766DF} = {840DE43C-4CB7-3562-B663-91D1D44766DF}
		{A0A994A3-FAE9-3F86-9278-1B8BCB189F4E} = {A0A994A3-FAE9-3F86-9278-1B8BCB189F4E}
	EndProjectSection
EndProject
Project("{8BC9CEB8-8B4A-11D0-8D11-00A0C91BC942}") = "ZERO_CHECK", "ZERO_CHECK.vcxproj", "{840DE43C-4CB7-3562-B663-91D1D44766DF}"
	ProjectSection(ProjectDependencies) = postProject
	EndProjectSection
EndProject
Project("{8BC9CEB8-8B4A-11D0-8D11-00A0C91BC942}") = "cmake_corner_detection", "cmake_corner_detection.vcxproj", "{A0A994A3-FAE9-3F86-9278-1B8BCB189F4E}"
	ProjectSection(ProjectDependencies) = postProject
		{840DE43C-4CB7-3562-B663-91D1D44766DF} = {840DE43C-4CB7-3562-B663-91D1D44766DF}
	EndProjectSection
EndProject
Global
	GlobalSection(SolutionConfigurationPlatforms) = preSolution
		Debug|x64 = Debug|x64
		Release|x64 = Release|x64
		MinSizeRel|x64 = MinSizeRel|x64
		RelWithDebInfo|x64 = RelWithDebInfo|x64
	EndGlobalSection
	GlobalSection(ProjectConfigurationPlatforms) = postSolution
		{8EE1F753-5846-3BAB-8EF9-69D6D93D5055}.Debug|x64.ActiveCfg = Debug|x64
		{8EE1F753-5846-3BAB-8EF9-69D6D93D5055}.Release|x64.ActiveCfg = Release|x64
		{8EE1F753-5846-3BAB-8EF9-69D6D93D5055}.MinSizeRel|x64.ActiveCfg = MinSizeRel|x64
		{8EE1F753-5846-3BAB-8EF9-69D6D93D5055}.RelWithDebInfo|x64.ActiveCfg = RelWithDebInfo|x64
		{840DE43C-4CB7-3562-B663-91D1D44766DF}.Debug|x64.ActiveCfg = Debug|x64
		{840DE43C-4CB7-3562-B663-91D1D44766DF}.Debug|x64.Build.0 = Debug|x64
		{840DE43C-4CB7-3562-B663-91D1D44766DF}.Release|x64.ActiveCfg = Release|x64
		{840DE43C-4CB7-3562-B663-91D1D44766DF}.Release|x64.Build.0 = Release|x64
		{840DE43C-4CB7-3562-B663-91D1D44766DF}.MinSizeRel|x64.ActiveCfg = MinSizeRel|x64
		{840DE43C-4CB7-3562-B663-91D1D44766DF}.MinSizeRel|x64.Build.0 = MinSizeRel|x64
		{840DE43C-4CB7-3562-B663-91D1D44766DF}.RelWithDebInfo|x64.ActiveCfg = RelWithDebInfo|x64
		{840DE43C-4CB7-3562-B663-91D1D44766DF}.RelWithDebInfo|x64.Build.0 = RelWithDebInfo|x64
		{A0A994A3-FAE9-3F86-9278-1B8BCB189F4E}.Debug|x64.ActiveCfg = Debug|x64
		{A0A994A3-FAE9-3F86-9278-1B8BCB189F4E}.Debug|x64.Build.0 = Debug|x64
		{A0A994A3-FAE9-3F86-9278-1B8BCB189F4E}.Release|x64.ActiveCfg = Release|x64
		{A0A994A3-FAE9-3F86-9278-1B8BCB189F4E}.Release|x64.Build.0 = Release|x64
		{A0A994A3-FAE9-3F86-9278-1B8BCB189F4E}.MinSizeRel|x64.ActiveCfg = MinSizeRel|x64
		{A0A994A3-FAE9-3F86-9278-1B8BCB189F4E}.MinSizeRel|x64.Build.0 = MinSizeRel|x64
		{A0A994A3-FAE9-3F86-9278-1B8BCB189F4E}.RelWithDebInfo|x64.ActiveCfg = RelWithDebInfo|x64
		{A0A994A3-FAE9-3F86-9278-1B8BCB189F4E}.RelWithDebInfo|x64.Build.0 = RelWithDebInfo|x64
	EndGlobalSection
	GlobalSection(NestedProjects) = preSolution
		{8EE1F753-5846-3BAB-8EF9-69D6D93D5055} = {8CB1D595-C3F8-3750-9668-867ECE543561}
		{840DE43C-4CB7-3562-B663-91D1D44766DF} = {8CB1D595-C3F8-3750-9668-867ECE543561}
	EndGlobalSection
	GlobalSection(ExtensibilityGlobals) = postSolution
		SolutionGuid = {0E5401B1-DB19-309C-9709-F1081386C7F0}
	EndGlobalSection
	GlobalSection(ExtensibilityAddIns) = postSolution
	EndGlobalSection
EndGlobal
